
Microsoft Visual Studio Solution File, Format Version 12.00
# Visual Studio Version 17
VisualStudioVersion = 17.0.31903.59
MinimumVisualStudioVersion = 10.0.40219.1
Project("{FAE04EC0-301F-11D3-BF4B-00C04F79EFBC}") = "Monopoly.Domain", "Monopoly.Domain\Monopoly.Domain.csproj", "{298697C8-EEC7-4ED6-A4D5-18089A237D8B}"
EndProject
Project("{FAE04EC0-301F-11D3-BF4B-00C04F79EFBC}") = "Monopoly.Application", "Monopoly.Application\Monopoly.Application.csproj", "{56FE3602-6D43-4BCD-8139-B433202064E0}"
EndProject
Project("{FAE04EC0-301F-11D3-BF4B-00C04F79EFBC}") = "Monopoly.ConsoleApp", "Monopoly.ConsoleApp\Monopoly.ConsoleApp.csproj", "{AF3F00C6-7047-4506-AFA2-168DE1874605}"
EndProject
Project("{2150E333-8FDC-42A3-9474-1A3956D46DE8}") = "tests", "tests", "{0AB3BF05-4346-4AA6-1389-037BE0695223}"
EndProject
Project("{FAE04EC0-301F-11D3-BF4B-00C04F79EFBC}") = "Monopoly.Domain.Tests", "tests\Monopoly.Domain.Tests\Monopoly.Domain.Tests.csproj", "{7B233697-7050-4C09-A224-52B6692D2757}"
EndProject
Global
	GlobalSection(SolutionConfigurationPlatforms) = preSolution
		Debug|Any CPU = Debug|Any CPU
		Debug|x64 = Debug|x64
		Debug|x86 = Debug|x86
		Release|Any CPU = Release|Any CPU
		Release|x64 = Release|x64
		Release|x86 = Release|x86
	EndGlobalSection
	GlobalSection(ProjectConfigurationPlatforms) = postSolution
		{298697C8-EEC7-4ED6-A4D5-18089A237D8B}.Debug|Any CPU.ActiveCfg = Debug|Any CPU
		{298697C8-EEC7-4ED6-A4D5-18089A237D8B}.Debug|Any CPU.Build.0 = Debug|Any CPU
		{298697C8-EEC7-4ED6-A4D5-18089A237D8B}.Debug|x64.ActiveCfg = Debug|Any CPU
		{298697C8-EEC7-4ED6-A4D5-18089A237D8B}.Debug|x64.Build.0 = Debug|Any CPU
		{298697C8-EEC7-4ED6-A4D5-18089A237D8B}.Debug|x86.ActiveCfg = Debug|Any CPU
		{298697C8-EEC7-4ED6-A4D5-18089A237D8B}.Debug|x86.Build.0 = Debug|Any CPU
		{298697C8-EEC7-4ED6-A4D5-18089A237D8B}.Release|Any CPU.ActiveCfg = Release|Any CPU
		{298697C8-EEC7-4ED6-A4D5-18089A237D8B}.Release|Any CPU.Build.0 = Release|Any CPU
		{298697C8-EEC7-4ED6-A4D5-18089A237D8B}.Release|x64.ActiveCfg = Release|Any CPU
		{298697C8-EEC7-4ED6-A4D5-18089A237D8B}.Release|x64.Build.0 = Release|Any CPU
		{298697C8-EEC7-4ED6-A4D5-18089A237D8B}.Release|x86.ActiveCfg = Release|Any CPU
		{298697C8-EEC7-4ED6-A4D5-18089A237D8B}.Release|x86.Build.0 = Release|Any CPU
		{56FE3602-6D43-4BCD-8139-B433202064E0}.Debug|Any CPU.ActiveCfg = Debug|Any CPU
		{56FE3602-6D43-4BCD-8139-B433202064E0}.Debug|Any CPU.Build.0 = Debug|Any CPU
		{56FE3602-6D43-4BCD-8139-B433202064E0}.Debug|x64.ActiveCfg = Debug|Any CPU
		{56FE3602-6D43-4BCD-8139-B433202064E0}.Debug|x64.Build.0 = Debug|Any CPU
		{56FE3602-6D43-4BCD-8139-B433202064E0}.Debug|x86.ActiveCfg = Debug|Any CPU
		{56FE3602-6D43-4BCD-8139-B433202064E0}.Debug|x86.Build.0 = Debug|Any CPU
		{56FE3602-6D43-4BCD-8139-B433202064E0}.Release|Any CPU.ActiveCfg = Release|Any CPU
		{56FE3602-6D43-4BCD-8139-B433202064E0}.Release|Any CPU.Build.0 = Release|Any CPU
		{56FE3602-6D43-4BCD-8139-B433202064E0}.Release|x64.ActiveCfg = Release|Any CPU
		{56FE3602-6D43-4BCD-8139-B433202064E0}.Release|x64.Build.0 = Release|Any CPU
		{56FE3602-6D43-4BCD-8139-B433202064E0}.Release|x86.ActiveCfg = Release|Any CPU
		{56FE3602-6D43-4BCD-8139-B433202064E0}.Release|x86.Build.0 = Release|Any CPU
		{AF3F00C6-7047-4506-AFA2-168DE1874605}.Debug|Any CPU.ActiveCfg = Debug|Any CPU
		{AF3F00C6-7047-4506-AFA2-168DE1874605}.Debug|Any CPU.Build.0 = Debug|Any CPU
		{AF3F00C6-7047-4506-AFA2-168DE1874605}.Debug|x64.ActiveCfg = Debug|Any CPU
		{AF3F00C6-7047-4506-AFA2-168DE1874605}.Debug|x64.Build.0 = Debug|Any CPU
		{AF3F00C6-7047-4506-AFA2-168DE1874605}.Debug|x86.ActiveCfg = Debug|Any CPU
		{AF3F00C6-7047-4506-AFA2-168DE1874605}.Debug|x86.Build.0 = Debug|Any CPU
		{AF3F00C6-7047-4506-AFA2-168DE1874605}.Release|Any CPU.ActiveCfg = Release|Any CPU
		{AF3F00C6-7047-4506-AFA2-168DE1874605}.Release|Any CPU.Build.0 = Release|Any CPU
		{AF3F00C6-7047-4506-AFA2-168DE1874605}.Release|x64.ActiveCfg = Release|Any CPU
		{AF3F00C6-7047-4506-AFA2-168DE1874605}.Release|x64.Build.0 = Release|Any CPU
		{AF3F00C6-7047-4506-AFA2-168DE1874605}.Release|x86.ActiveCfg = Release|Any CPU
		{AF3F00C6-7047-4506-AFA2-168DE1874605}.Release|x86.Build.0 = Release|Any CPU
		{7B233697-7050-4C09-A224-52B6692D2757}.Debug|Any CPU.ActiveCfg = Debug|Any CPU
		{7B233697-7050-4C09-A224-52B6692D2757}.Debug|Any CPU.Build.0 = Debug|Any CPU
		{7B233697-7050-4C09-A224-52B6692D2757}.Debug|x64.ActiveCfg = Debug|Any CPU
		{7B233697-7050-4C09-A224-52B6692D2757}.Debug|x64.Build.0 = Debug|Any CPU
		{7B233697-7050-4C09-A224-52B6692D2757}.Debug|x86.ActiveCfg = Debug|Any CPU
		{7B233697-7050-4C09-A224-52B6692D2757}.Debug|x86.Build.0 = Debug|Any CPU
		{7B233697-7050-4C09-A224-52B6692D2757}.Release|Any CPU.ActiveCfg = Release|Any CPU
		{7B233697-7050-4C09-A224-52B6692D2757}.Release|Any CPU.Build.0 = Release|Any CPU
		{7B233697-7050-4C09-A224-52B6692D2757}.Release|x64.ActiveCfg = Release|Any CPU
		{7B233697-7050-4C09-A224-52B6692D2757}.Release|x64.Build.0 = Release|Any CPU
		{7B233697-7050-4C09-A224-52B6692D2757}.Release|x86.ActiveCfg = Release|Any CPU
		{7B233697-7050-4C09-A224-52B6692D2757}.Release|x86.Build.0 = Release|Any CPU
	EndGlobalSection
	GlobalSection(SolutionProperties) = preSolution
		HideSolutionNode = FALSE
	EndGlobalSection
	GlobalSection(NestedProjects) = preSolution
		{7B233697-7050-4C09-A224-52B6692D2757} = {0AB3BF05-4346-4AA6-1389-037BE0695223}
	EndGlobalSection
EndGlobal
