
Microsoft Visual Studio Solution File, Format Version 12.00
# Visual Studio Version 17
VisualStudioVersion = 17.0.31903.59
MinimumVisualStudioVersion = 10.0.40219.1
Project("{2150E333-8FDC-42A3-9474-1A3956D46DE8}") = "src", "src", "{827E0CD3-B72D-47B6-A68D-7590B98EB39B}"
EndProject
Project("{FAE04EC0-301F-11D3-BF4B-00C04F79EFBC}") = "Monopoly.Domain", "src\Monopoly.Domain\Monopoly.Domain.csproj", "{9CD4E076-61A6-4F45-BA24-8253F987E575}"
EndProject
Project("{FAE04EC0-301F-11D3-BF4B-00C04F79EFBC}") = "Monopoly.Application", "src\Monopoly.Application\Monopoly.Application.csproj", "{69299B91-9FB7-4559-A36E-517A744BE2F6}"
EndProject
Project("{FAE04EC0-301F-11D3-BF4B-00C04F79EFBC}") = "Monopoly.Infrastructure.Json", "src\Monopoly.Infrastructure.Json\Monopoly.Infrastructure.Json.csproj", "{1C7224C5-5832-4385-B3D3-13E358249EC2}"
EndProject
Project("{FAE04EC0-301F-11D3-BF4B-00C04F79EFBC}") = "Monopoly.UI.Unity", "src\Monopoly.UI.Unity\Monopoly.UI.Unity.csproj", "{D2B6B3D0-E830-4FE8-8E5E-90E36753E792}"
EndProject
Project("{2150E333-8FDC-42A3-9474-1A3956D46DE8}") = "tests", "tests", "{0AB3BF05-4346-4AA6-1389-037BE0695223}"
EndProject
Project("{FAE04EC0-301F-11D3-BF4B-00C04F79EFBC}") = "Monopoly.Domain.Tests", "tests\Monopoly.Domain.Tests\Monopoly.Domain.Tests.csproj", "{7F8B3768-5ADC-439C-AB9C-764C82FF5721}"
EndProject
Project("{2150E333-8FDC-42A3-9474-1A3956D46DE8}") = "Monopoly.Application.Tests", "Monopoly.Application.Tests", "{AE6D838F-9581-E07F-2032-E274AFA6CAB0}"
EndProject
Project("{2150E333-8FDC-42A3-9474-1A3956D46DE8}") = "Monopoly.Integration.Tests", "Monopoly.Integration.Tests", "{2562575D-DC83-01BD-6DB7-2900391698AD}"
EndProject
Global
	GlobalSection(SolutionConfigurationPlatforms) = preSolution
		Debug|Any CPU = Debug|Any CPU
		Debug|x64 = Debug|x64
		Debug|x86 = Debug|x86
		Release|Any CPU = Release|Any CPU
		Release|x64 = Release|x64
		Release|x86 = Release|x86
	EndGlobalSection
	GlobalSection(ProjectConfigurationPlatforms) = postSolution
		{9CD4E076-61A6-4F45-BA24-8253F987E575}.Debug|Any CPU.ActiveCfg = Debug|Any CPU
		{9CD4E076-61A6-4F45-BA24-8253F987E575}.Debug|Any CPU.Build.0 = Debug|Any CPU
		{9CD4E076-61A6-4F45-BA24-8253F987E575}.Debug|x64.ActiveCfg = Debug|Any CPU
		{9CD4E076-61A6-4F45-BA24-8253F987E575}.Debug|x64.Build.0 = Debug|Any CPU
		{9CD4E076-61A6-4F45-BA24-8253F987E575}.Debug|x86.ActiveCfg = Debug|Any CPU
		{9CD4E076-61A6-4F45-BA24-8253F987E575}.Debug|x86.Build.0 = Debug|Any CPU
		{9CD4E076-61A6-4F45-BA24-8253F987E575}.Release|Any CPU.ActiveCfg = Release|Any CPU
		{9CD4E076-61A6-4F45-BA24-8253F987E575}.Release|Any CPU.Build.0 = Release|Any CPU
		{9CD4E076-61A6-4F45-BA24-8253F987E575}.Release|x64.ActiveCfg = Release|Any CPU
		{9CD4E076-61A6-4F45-BA24-8253F987E575}.Release|x64.Build.0 = Release|Any CPU
		{9CD4E076-61A6-4F45-BA24-8253F987E575}.Release|x86.ActiveCfg = Release|Any CPU
		{9CD4E076-61A6-4F45-BA24-8253F987E575}.Release|x86.Build.0 = Release|Any CPU
		{69299B91-9FB7-4559-A36E-517A744BE2F6}.Debug|Any CPU.ActiveCfg = Debug|Any CPU
		{69299B91-9FB7-4559-A36E-517A744BE2F6}.Debug|Any CPU.Build.0 = Debug|Any CPU
		{69299B91-9FB7-4559-A36E-517A744BE2F6}.Debug|x64.ActiveCfg = Debug|Any CPU
		{69299B91-9FB7-4559-A36E-517A744BE2F6}.Debug|x64.Build.0 = Debug|Any CPU
		{69299B91-9FB7-4559-A36E-517A744BE2F6}.Debug|x86.ActiveCfg = Debug|Any CPU
		{69299B91-9FB7-4559-A36E-517A744BE2F6}.Debug|x86.Build.0 = Debug|Any CPU
		{69299B91-9FB7-4559-A36E-517A744BE2F6}.Release|Any CPU.ActiveCfg = Release|Any CPU
		{69299B91-9FB7-4559-A36E-517A744BE2F6}.Release|Any CPU.Build.0 = Release|Any CPU
		{69299B91-9FB7-4559-A36E-517A744BE2F6}.Release|x64.ActiveCfg = Release|Any CPU
		{69299B91-9FB7-4559-A36E-517A744BE2F6}.Release|x64.Build.0 = Release|Any CPU
		{69299B91-9FB7-4559-A36E-517A744BE2F6}.Release|x86.ActiveCfg = Release|Any CPU
		{69299B91-9FB7-4559-A36E-517A744BE2F6}.Release|x86.Build.0 = Release|Any CPU
		{1C7224C5-5832-4385-B3D3-13E358249EC2}.Debug|Any CPU.ActiveCfg = Debug|Any CPU
		{1C7224C5-5832-4385-B3D3-13E358249EC2}.Debug|Any CPU.Build.0 = Debug|Any CPU
		{1C7224C5-5832-4385-B3D3-13E358249EC2}.Debug|x64.ActiveCfg = Debug|Any CPU
		{1C7224C5-5832-4385-B3D3-13E358249EC2}.Debug|x64.Build.0 = Debug|Any CPU
		{1C7224C5-5832-4385-B3D3-13E358249EC2}.Debug|x86.ActiveCfg = Debug|Any CPU
		{1C7224C5-5832-4385-B3D3-13E358249EC2}.Debug|x86.Build.0 = Debug|Any CPU
		{1C7224C5-5832-4385-B3D3-13E358249EC2}.Release|Any CPU.ActiveCfg = Release|Any CPU
		{1C7224C5-5832-4385-B3D3-13E358249EC2}.Release|Any CPU.Build.0 = Release|Any CPU
		{1C7224C5-5832-4385-B3D3-13E358249EC2}.Release|x64.ActiveCfg = Release|Any CPU
		{1C7224C5-5832-4385-B3D3-13E358249EC2}.Release|x64.Build.0 = Release|Any CPU
		{1C7224C5-5832-4385-B3D3-13E358249EC2}.Release|x86.ActiveCfg = Release|Any CPU
		{1C7224C5-5832-4385-B3D3-13E358249EC2}.Release|x86.Build.0 = Release|Any CPU
		{D2B6B3D0-E830-4FE8-8E5E-90E36753E792}.Debug|Any CPU.ActiveCfg = Debug|Any CPU
		{D2B6B3D0-E830-4FE8-8E5E-90E36753E792}.Debug|Any CPU.Build.0 = Debug|Any CPU
		{D2B6B3D0-E830-4FE8-8E5E-90E36753E792}.Debug|x64.ActiveCfg = Debug|Any CPU
		{D2B6B3D0-E830-4FE8-8E5E-90E36753E792}.Debug|x64.Build.0 = Debug|Any CPU
		{D2B6B3D0-E830-4FE8-8E5E-90E36753E792}.Debug|x86.ActiveCfg = Debug|Any CPU
		{D2B6B3D0-E830-4FE8-8E5E-90E36753E792}.Debug|x86.Build.0 = Debug|Any CPU
		{D2B6B3D0-E830-4FE8-8E5E-90E36753E792}.Release|Any CPU.ActiveCfg = Release|Any CPU
		{D2B6B3D0-E830-4FE8-8E5E-90E36753E792}.Release|Any CPU.Build.0 = Release|Any CPU
		{D2B6B3D0-E830-4FE8-8E5E-90E36753E792}.Release|x64.ActiveCfg = Release|Any CPU
		{D2B6B3D0-E830-4FE8-8E5E-90E36753E792}.Release|x64.Build.0 = Release|Any CPU
		{D2B6B3D0-E830-4FE8-8E5E-90E36753E792}.Release|x86.ActiveCfg = Release|Any CPU
		{D2B6B3D0-E830-4FE8-8E5E-90E36753E792}.Release|x86.Build.0 = Release|Any CPU
		{7F8B3768-5ADC-439C-AB9C-764C82FF5721}.Debug|Any CPU.ActiveCfg = Debug|Any CPU
		{7F8B3768-5ADC-439C-AB9C-764C82FF5721}.Debug|Any CPU.Build.0 = Debug|Any CPU
		{7F8B3768-5ADC-439C-AB9C-764C82FF5721}.Debug|x64.ActiveCfg = Debug|Any CPU
		{7F8B3768-5ADC-439C-AB9C-764C82FF5721}.Debug|x64.Build.0 = Debug|Any CPU
		{7F8B3768-5ADC-439C-AB9C-764C82FF5721}.Debug|x86.ActiveCfg = Debug|Any CPU
		{7F8B3768-5ADC-439C-AB9C-764C82FF5721}.Debug|x86.Build.0 = Debug|Any CPU
		{7F8B3768-5ADC-439C-AB9C-764C82FF5721}.Release|Any CPU.ActiveCfg = Release|Any CPU
		{7F8B3768-5ADC-439C-AB9C-764C82FF5721}.Release|Any CPU.Build.0 = Release|Any CPU
		{7F8B3768-5ADC-439C-AB9C-764C82FF5721}.Release|x64.ActiveCfg = Release|Any CPU
		{7F8B3768-5ADC-439C-AB9C-764C82FF5721}.Release|x64.Build.0 = Release|Any CPU
		{7F8B3768-5ADC-439C-AB9C-764C82FF5721}.Release|x86.ActiveCfg = Release|Any CPU
		{7F8B3768-5ADC-439C-AB9C-764C82FF5721}.Release|x86.Build.0 = Release|Any CPU
	EndGlobalSection
	GlobalSection(SolutionProperties) = preSolution
		HideSolutionNode = FALSE
	EndGlobalSection
	GlobalSection(NestedProjects) = preSolution
		{9CD4E076-61A6-4F45-BA24-8253F987E575} = {827E0CD3-B72D-47B6-A68D-7590B98EB39B}
		{69299B91-9FB7-4559-A36E-517A744BE2F6} = {827E0CD3-B72D-47B6-A68D-7590B98EB39B}
		{1C7224C5-5832-4385-B3D3-13E358249EC2} = {827E0CD3-B72D-47B6-A68D-7590B98EB39B}
		{D2B6B3D0-E830-4FE8-8E5E-90E36753E792} = {827E0CD3-B72D-47B6-A68D-7590B98EB39B}
		{7F8B3768-5ADC-439C-AB9C-764C82FF5721} = {0AB3BF05-4346-4AA6-1389-037BE0695223}
		{AE6D838F-9581-E07F-2032-E274AFA6CAB0} = {0AB3BF05-4346-4AA6-1389-037BE0695223}
		{2562575D-DC83-01BD-6DB7-2900391698AD} = {0AB3BF05-4346-4AA6-1389-037BE0695223}
	EndGlobalSection
EndGlobal
